# THIS IS AN AUTOGENERATED FILE. DO NOT EDIT THIS FILE DIRECTLY.
# yarn lockfile v1


"@angular/common@^4.4.0-RC.0":
  version "4.4.0-RC.0"
  resolved "https://registry.yarnpkg.com/@angular/common/-/common-4.4.0-RC.0.tgz#ad2d0853a62d2e87bba0bdd6588da6fa5f2dabb8"
  dependencies:
    tslib "^1.7.1"

"@angular/compiler@^4.4.0-RC.0":
  version "4.4.0-RC.0"
  resolved "https://registry.yarnpkg.com/@angular/compiler/-/compiler-4.4.0-RC.0.tgz#a22a9eb7d0cfd04c01558b4b6ff144e4f20434ee"
  dependencies:
    tslib "^1.7.1"

"@angular/core@^4.4.0-RC.0":
  version "4.4.0-RC.0"
  resolved "https://registry.yarnpkg.com/@angular/core/-/core-4.4.0-RC.0.tgz#6f1b05d58dbe82e2cd329cd3dc0666f36c60c38f"
  dependencies:
    tslib "^1.7.1"

"@angular/platform-browser-dynamic@^4.4.0-RC.0":
  version "4.4.0-RC.0"
  resolved "https://registry.yarnpkg.com/@angular/platform-browser-dynamic/-/platform-browser-dynamic-4.4.0-RC.0.tgz#74fea4a8fbd89633209f2af0ca0a71a7a569d835"
  dependencies:
    tslib "^1.7.1"

"@angular/platform-browser@^4.4.0-RC.0":
  version "4.4.0-RC.0"
  resolved "https://registry.yarnpkg.com/@angular/platform-browser/-/platform-browser-4.4.0-RC.0.tgz#b7c5b8b6388564c74b0510f8750e2d7492413cee"
  dependencies:
    tslib "^1.7.1"

"@ngrx/store-devtools@^4.0.0":
  version "4.0.0"
  resolved "https://registry.yarnpkg.com/@ngrx/store-devtools/-/store-devtools-4.0.0.tgz#b79c24773217df7fd9735ad21f9cbf2533c96e04"

"@ngrx/store@^4.0.3":
  version "4.0.3"
  resolved "https://registry.yarnpkg.com/@ngrx/store/-/store-4.0.3.tgz#36abacdfa19bfb8506e40de80bae06050a1e15e9"

core-js@^2.5.1:
  version "2.5.1"
  resolved "https://registry.yarnpkg.com/core-js/-/core-js-2.5.1.tgz#ae6874dc66937789b80754ff5428df66819ca50b"

rxjs@^5.4.3:
  version "5.4.3"
  resolved "https://registry.yarnpkg.com/rxjs/-/rxjs-5.4.3.tgz#0758cddee6033d68e0fd53676f0f3596ce3d483f"
  dependencies:
    symbol-observable "^1.0.1"

symbol-observable@^1.0.1:
  version "1.0.4"
  resolved "https://registry.yarnpkg.com/symbol-observable/-/symbol-observable-1.0.4.tgz#29bf615d4aa7121bdd898b22d4b3f9bc4e2aa03d"

tslib@^1.7.1:
  version "1.7.1"
  resolved "https://registry.yarnpkg.com/tslib/-/tslib-1.7.1.tgz#bc8004164691923a79fe8378bbeb3da2017538ec"

zone.js@^0.8.17:
  version "0.8.17"
  resolved "https://registry.yarnpkg.com/zone.js/-/zone.js-0.8.17.tgz#4c5e5185a857da8da793daf3919371c5a36b2a0b"
